
Microsoft Visual Studio Solution File, Format Version 12.00
# Visual Studio Version 16
VisualStudioVersion = 16.0.30621.155
MinimumVisualStudioVersion = 10.0.40219.1
Project("{FAE04EC0-301F-11D3-BF4B-00C04F79EFBC}") = "Desafio", "Desafio\Desafio.csproj", "{C56CC7C0-14A6-48A1-934B-E16AF99A7980}"
EndProject
Global
	GlobalSection(SolutionConfigurationPlatforms) = preSolution
		Debug|Any CPU = Debug|Any CPU
		Release|Any CPU = Release|Any CPU
	EndGlobalSection
	GlobalSection(ProjectConfigurationPlatforms) = postSolution
		{C56CC7C0-14A6-48A1-934B-E16AF99A7980}.Debug|Any CPU.ActiveCfg = Debug|Any CPU
		{C56CC7C0-14A6-48A1-934B-E16AF99A7980}.Debug|Any CPU.Build.0 = Debug|Any CPU
		{C56CC7C0-14A6-48A1-934B-E16AF99A7980}.Release|Any CPU.ActiveCfg = Release|Any CPU
		{C56CC7C0-14A6-48A1-934B-E16AF99A7980}.Release|Any CPU.Build.0 = Release|Any CPU
	EndGlobalSection
	GlobalSection(SolutionProperties) = preSolution
		HideSolutionNode = FALSE
	EndGlobalSection
	GlobalSection(ExtensibilityGlobals) = postSolution
		SolutionGuid = {535E9F41-3840-4CAE-B1B9-CD9BD87AB90C}
	EndGlobalSection
EndGlobal
